
Microsoft Visual Studio Solution File, Format Version 12.00
# Visual Studio Version 17
VisualStudioVersion = 17.3.32825.248
MinimumVisualStudioVersion = 10.0.40219.1
Project("{2150E333-8FDC-42A3-9474-1A3956D46DE8}") = "src", "src", "{F98A1629-D874-4859-8207-EB2C261DE99D}"
EndProject
Project("{2150E333-8FDC-42A3-9474-1A3956D46DE8}") = "corePackages", "corePackages", "{D72DB0D6-4E65-4FDF-953B-D3E8E170770C}"
EndProject
Project("{9A19103F-16F7-4668-BE54-9A1E7A4F7556}") = "Core.Application", "src\corePackages\Core.Application\Core.Application.csproj", "{5E331DCE-BFCC-430D-9B15-1A056968D846}"
EndProject
Project("{9A19103F-16F7-4668-BE54-9A1E7A4F7556}") = "Core.CrossCuttingConcerns", "src\corePackages\Core.CrossCuttingConcers\Core.CrossCuttingConcerns.csproj", "{2F9DD0C4-A879-4933-9E3F-391806298D9D}"
EndProject
Project("{9A19103F-16F7-4668-BE54-9A1E7A4F7556}") = "Core.ElasticSearch", "src\corePackages\Core.ElasticSearch\Core.ElasticSearch.csproj", "{4446B95C-C8D3-415A-91CE-87D300FF57DD}"
EndProject
Project("{9A19103F-16F7-4668-BE54-9A1E7A4F7556}") = "Core.Mailing", "src\corePackages\Core.Mailing\Core.Mailing.csproj", "{9D6BE775-47FB-4EA6-8FBD-07FEAFFB7985}"
EndProject
Project("{9A19103F-16F7-4668-BE54-9A1E7A4F7556}") = "Core.Persistence", "src\corePackages\Core.Persistence\Core.Persistence.csproj", "{B9040D3C-C465-4A9A-896B-74BBD4A6ABE8}"
EndProject
Project("{9A19103F-16F7-4668-BE54-9A1E7A4F7556}") = "Core.Security", "src\corePackages\Core.Security\Core.Security.csproj", "{AF8A220C-812F-446C-A5DB-CAA5A1215758}"
EndProject
Project("{2150E333-8FDC-42A3-9474-1A3956D46DE8}") = "projects", "projects", "{9F15021A-41E3-421B-8B62-5781B0411C60}"
EndProject
Project("{2150E333-8FDC-42A3-9474-1A3956D46DE8}") = "case", "case", "{DE54D069-3E88-4D90-B475-B7A2F04E5C8C}"
EndProject
Project("{FAE04EC0-301F-11D3-BF4B-00C04F79EFBC}") = "WebAPI", "src\projects\case\WebAPI\WebAPI.csproj", "{C9659ECF-E645-461B-824F-EDB2DF5623DA}"
EndProject
Project("{FAE04EC0-301F-11D3-BF4B-00C04F79EFBC}") = "Application", "src\projects\case\Application\Application.csproj", "{BCFDF76D-AC5F-4D9E-8696-8AB749C276FA}"
EndProject
Project("{FAE04EC0-301F-11D3-BF4B-00C04F79EFBC}") = "Domain", "src\projects\case\Domain\Domain.csproj", "{5A24E5F7-5C64-46DF-9930-73BBBB7F43BC}"
EndProject
Project("{FAE04EC0-301F-11D3-BF4B-00C04F79EFBC}") = "Infrastructure", "src\projects\case\Infrastructure\Infrastructure.csproj", "{1BC0361D-7865-4D50-A0FE-AEE55F9E26CD}"
EndProject
Project("{FAE04EC0-301F-11D3-BF4B-00C04F79EFBC}") = "Persistence", "src\projects\case\Persistence\Persistence.csproj", "{845B36EE-7E14-4DFF-8393-0F97D698343A}"
EndProject
Global
	GlobalSection(SolutionConfigurationPlatforms) = preSolution
		Debug|Any CPU = Debug|Any CPU
		Release|Any CPU = Release|Any CPU
	EndGlobalSection
	GlobalSection(ProjectConfigurationPlatforms) = postSolution
		{5E331DCE-BFCC-430D-9B15-1A056968D846}.Debug|Any CPU.ActiveCfg = Debug|Any CPU
		{5E331DCE-BFCC-430D-9B15-1A056968D846}.Debug|Any CPU.Build.0 = Debug|Any CPU
		{5E331DCE-BFCC-430D-9B15-1A056968D846}.Release|Any CPU.ActiveCfg = Release|Any CPU
		{5E331DCE-BFCC-430D-9B15-1A056968D846}.Release|Any CPU.Build.0 = Release|Any CPU
		{2F9DD0C4-A879-4933-9E3F-391806298D9D}.Debug|Any CPU.ActiveCfg = Debug|Any CPU
		{2F9DD0C4-A879-4933-9E3F-391806298D9D}.Debug|Any CPU.Build.0 = Debug|Any CPU
		{2F9DD0C4-A879-4933-9E3F-391806298D9D}.Release|Any CPU.ActiveCfg = Release|Any CPU
		{2F9DD0C4-A879-4933-9E3F-391806298D9D}.Release|Any CPU.Build.0 = Release|Any CPU
		{4446B95C-C8D3-415A-91CE-87D300FF57DD}.Debug|Any CPU.ActiveCfg = Debug|Any CPU
		{4446B95C-C8D3-415A-91CE-87D300FF57DD}.Debug|Any CPU.Build.0 = Debug|Any CPU
		{4446B95C-C8D3-415A-91CE-87D300FF57DD}.Release|Any CPU.ActiveCfg = Release|Any CPU
		{4446B95C-C8D3-415A-91CE-87D300FF57DD}.Release|Any CPU.Build.0 = Release|Any CPU
		{9D6BE775-47FB-4EA6-8FBD-07FEAFFB7985}.Debug|Any CPU.ActiveCfg = Debug|Any CPU
		{9D6BE775-47FB-4EA6-8FBD-07FEAFFB7985}.Debug|Any CPU.Build.0 = Debug|Any CPU
		{9D6BE775-47FB-4EA6-8FBD-07FEAFFB7985}.Release|Any CPU.ActiveCfg = Release|Any CPU
		{9D6BE775-47FB-4EA6-8FBD-07FEAFFB7985}.Release|Any CPU.Build.0 = Release|Any CPU
		{B9040D3C-C465-4A9A-896B-74BBD4A6ABE8}.Debug|Any CPU.ActiveCfg = Debug|Any CPU
		{B9040D3C-C465-4A9A-896B-74BBD4A6ABE8}.Debug|Any CPU.Build.0 = Debug|Any CPU
		{B9040D3C-C465-4A9A-896B-74BBD4A6ABE8}.Release|Any CPU.ActiveCfg = Release|Any CPU
		{B9040D3C-C465-4A9A-896B-74BBD4A6ABE8}.Release|Any CPU.Build.0 = Release|Any CPU
		{AF8A220C-812F-446C-A5DB-CAA5A1215758}.Debug|Any CPU.ActiveCfg = Debug|Any CPU
		{AF8A220C-812F-446C-A5DB-CAA5A1215758}.Debug|Any CPU.Build.0 = Debug|Any CPU
		{AF8A220C-812F-446C-A5DB-CAA5A1215758}.Release|Any CPU.ActiveCfg = Release|Any CPU
		{AF8A220C-812F-446C-A5DB-CAA5A1215758}.Release|Any CPU.Build.0 = Release|Any CPU
		{C9659ECF-E645-461B-824F-EDB2DF5623DA}.Debug|Any CPU.ActiveCfg = Debug|Any CPU
		{C9659ECF-E645-461B-824F-EDB2DF5623DA}.Debug|Any CPU.Build.0 = Debug|Any CPU
		{C9659ECF-E645-461B-824F-EDB2DF5623DA}.Release|Any CPU.ActiveCfg = Release|Any CPU
		{C9659ECF-E645-461B-824F-EDB2DF5623DA}.Release|Any CPU.Build.0 = Release|Any CPU
		{BCFDF76D-AC5F-4D9E-8696-8AB749C276FA}.Debug|Any CPU.ActiveCfg = Debug|Any CPU
		{BCFDF76D-AC5F-4D9E-8696-8AB749C276FA}.Debug|Any CPU.Build.0 = Debug|Any CPU
		{BCFDF76D-AC5F-4D9E-8696-8AB749C276FA}.Release|Any CPU.ActiveCfg = Release|Any CPU
		{BCFDF76D-AC5F-4D9E-8696-8AB749C276FA}.Release|Any CPU.Build.0 = Release|Any CPU
		{5A24E5F7-5C64-46DF-9930-73BBBB7F43BC}.Debug|Any CPU.ActiveCfg = Debug|Any CPU
		{5A24E5F7-5C64-46DF-9930-73BBBB7F43BC}.Debug|Any CPU.Build.0 = Debug|Any CPU
		{5A24E5F7-5C64-46DF-9930-73BBBB7F43BC}.Release|Any CPU.ActiveCfg = Release|Any CPU
		{5A24E5F7-5C64-46DF-9930-73BBBB7F43BC}.Release|Any CPU.Build.0 = Release|Any CPU
		{1BC0361D-7865-4D50-A0FE-AEE55F9E26CD}.Debug|Any CPU.ActiveCfg = Debug|Any CPU
		{1BC0361D-7865-4D50-A0FE-AEE55F9E26CD}.Debug|Any CPU.Build.0 = Debug|Any CPU
		{1BC0361D-7865-4D50-A0FE-AEE55F9E26CD}.Release|Any CPU.ActiveCfg = Release|Any CPU
		{1BC0361D-7865-4D50-A0FE-AEE55F9E26CD}.Release|Any CPU.Build.0 = Release|Any CPU
		{845B36EE-7E14-4DFF-8393-0F97D698343A}.Debug|Any CPU.ActiveCfg = Debug|Any CPU
		{845B36EE-7E14-4DFF-8393-0F97D698343A}.Debug|Any CPU.Build.0 = Debug|Any CPU
		{845B36EE-7E14-4DFF-8393-0F97D698343A}.Release|Any CPU.ActiveCfg = Release|Any CPU
		{845B36EE-7E14-4DFF-8393-0F97D698343A}.Release|Any CPU.Build.0 = Release|Any CPU
	EndGlobalSection
	GlobalSection(SolutionProperties) = preSolution
		HideSolutionNode = FALSE
	EndGlobalSection
	GlobalSection(NestedProjects) = preSolution
		{D72DB0D6-4E65-4FDF-953B-D3E8E170770C} = {F98A1629-D874-4859-8207-EB2C261DE99D}
		{5E331DCE-BFCC-430D-9B15-1A056968D846} = {D72DB0D6-4E65-4FDF-953B-D3E8E170770C}
		{2F9DD0C4-A879-4933-9E3F-391806298D9D} = {D72DB0D6-4E65-4FDF-953B-D3E8E170770C}
		{4446B95C-C8D3-415A-91CE-87D300FF57DD} = {D72DB0D6-4E65-4FDF-953B-D3E8E170770C}
		{9D6BE775-47FB-4EA6-8FBD-07FEAFFB7985} = {D72DB0D6-4E65-4FDF-953B-D3E8E170770C}
		{B9040D3C-C465-4A9A-896B-74BBD4A6ABE8} = {D72DB0D6-4E65-4FDF-953B-D3E8E170770C}
		{AF8A220C-812F-446C-A5DB-CAA5A1215758} = {D72DB0D6-4E65-4FDF-953B-D3E8E170770C}
		{9F15021A-41E3-421B-8B62-5781B0411C60} = {F98A1629-D874-4859-8207-EB2C261DE99D}
		{DE54D069-3E88-4D90-B475-B7A2F04E5C8C} = {9F15021A-41E3-421B-8B62-5781B0411C60}
		{C9659ECF-E645-461B-824F-EDB2DF5623DA} = {DE54D069-3E88-4D90-B475-B7A2F04E5C8C}
		{BCFDF76D-AC5F-4D9E-8696-8AB749C276FA} = {DE54D069-3E88-4D90-B475-B7A2F04E5C8C}
		{5A24E5F7-5C64-46DF-9930-73BBBB7F43BC} = {DE54D069-3E88-4D90-B475-B7A2F04E5C8C}
		{1BC0361D-7865-4D50-A0FE-AEE55F9E26CD} = {DE54D069-3E88-4D90-B475-B7A2F04E5C8C}
		{845B36EE-7E14-4DFF-8393-0F97D698343A} = {DE54D069-3E88-4D90-B475-B7A2F04E5C8C}
	EndGlobalSection
	GlobalSection(ExtensibilityGlobals) = postSolution
		SolutionGuid = {2C421400-5D03-41C1-B117-2A5D26FF0E1C}
	EndGlobalSection
EndGlobal
